
Microsoft Visual Studio Solution File, Format Version 12.00
# Visual Studio 15
VisualStudioVersion = 15.0.28307.168
MinimumVisualStudioVersion = 10.0.40219.1
Project("{FAE04EC0-301F-11D3-BF4B-00C04F79EFBC}") = "cosmosweb", "cosmosweb\cosmosweb.csproj", "{74CDC8B0-FDCC-412B-BE05-81D17F618DD3}"
EndProject
Global
	GlobalSection(SolutionConfigurationPlatforms) = preSolution
		Debug|Any CPU = Debug|Any CPU
		Release|Any CPU = Release|Any CPU
	EndGlobalSection
	GlobalSection(ProjectConfigurationPlatforms) = postSolution
		{74CDC8B0-FDCC-412B-BE05-81D17F618DD3}.Debug|Any CPU.ActiveCfg = Debug|Any CPU
		{74CDC8B0-FDCC-412B-BE05-81D17F618DD3}.Debug|Any CPU.Build.0 = Debug|Any CPU
		{74CDC8B0-FDCC-412B-BE05-81D17F618DD3}.Release|Any CPU.ActiveCfg = Release|Any CPU
		{74CDC8B0-FDCC-412B-BE05-81D17F618DD3}.Release|Any CPU.Build.0 = Release|Any CPU
	EndGlobalSection
	GlobalSection(SolutionProperties) = preSolution
		HideSolutionNode = FALSE
	EndGlobalSection
	GlobalSection(ExtensibilityGlobals) = postSolution
		SolutionGuid = {23341E88-7BFF-4CA1-AD39-0C910A97C828}
	EndGlobalSection
EndGlobal
