{
  "name": "@abp/jquery-validation-unobtrusive",
  "version": "6.0.0",
  "lockfileVersion": 2,
  "requires": true,
  "packages": {
    "": {
      "name": "@abp/jquery-validation-unobtrusive",
      "version": "6.0.0",
      "dependencies": {
        "@abp/jquery-validation": "~6.0.0",
        "jquery-validation-unobtrusive": "^3.2.12"
      }
    },
    "node_modules/@abp/core": {
      "version": "6.0.3",
      "resolved": "https://registry.npmjs.org/@abp/core/-/core-6.0.3.tgz",
      "integrity": "sha512-POOk//0Qjd6cl/TFA4xOYBqHm2r/dwr1V8IgQtQ66p1vAP73ZaaiViikwh0wyElsSRF+5vhtlM3Ln9UUEQ/eYA==",
      "dependencies": {
        "@abp/utils": "~6.0.3"
      }
    },
    "node_modules/@abp/jquery": {
      "version": "6.0.3",
      "resolved": "https://registry.npmjs.org/@abp/jquery/-/jquery-6.0.3.tgz",
      "integrity": "sha512-mBcyKynUtRMzUZxal6SvNEXjbk9U2tLqdiVAZYpzwEm6nuvXBq8gCRP3OPPc8LdRacyq2QC4ohdLlIbkfuMXLQ==",
      "dependencies": {
        "@abp/core": "~6.0.3",
        "jquery": "~3.6.0"
      }
    },
    "node_modules/@abp/jquery-validation": {
      "version": "6.0.3",
      "resolved": "https://registry.npmjs.org/@abp/jquery-validation/-/jquery-validation-6.0.3.tgz",
      "integrity": "sha512-W1iyGKbyrpQ4NHzDS0vdgqJ6HAvrObg+01sajTXts1yOTgQqYNTk3KrWPVRvuRcV2wyxgUXiA43ogkpaDNoI0g==",
      "dependencies": {
        "@abp/jquery": "~6.0.3",
        "jquery-validation": "^1.19.3"
      }
    },
    "node_modules/@abp/jquery/node_modules/jquery": {
      "version": "3.6.4",
      "resolved": "https://registry.npmjs.org/jquery/-/jquery-3.6.4.tgz",
      "integrity": "sha512-v28EW9DWDFpzcD9O5iyJXg3R3+q+mET5JhnjJzQUZMHOv67bpSIHq81GEYpPNZHG+XXHsfSme3nxp/hndKEcsQ=="
    },
    "node_modules/@abp/utils": {
      "version": "6.0.3",
      "resolved": "https://registry.npmjs.org/@abp/utils/-/utils-6.0.3.tgz",
      "integrity": "sha512-2Xhg5Lt41iiXX7PE0i9HvHXQ0dqnVew5aabbtNK31Gz5ZC/wCQoUPltoWou2NCf3j4uWq8LSpPe3KN/CaBaKAQ==",
      "dependencies": {
        "just-compare": "^1.3.0"
      }
    },
    "node_modules/jquery": {
      "version": "3.7.1",
      "resolved": "https://registry.npmjs.org/jquery/-/jquery-3.7.1.tgz",
      "integrity": "sha512-m4avr8yL8kmFN8psrbFFFmB/If14iN5o9nw/NgnnM+kybDJpRsAynV2BsfpTYrTRysYUdADVD7CkUUizgkpLfg=="
    },
    "node_modules/jquery-validation": {
      "version": "1.20.0",
      "resolved": "https://registry.npmjs.org/jquery-validation/-/jquery-validation-1.20.0.tgz",
      "integrity": "sha512-c8tg4ltIIP6L7l0bZ79sRzOJYquyjS48kQZ6iv8MJ2r0OYztxtkWYKTReZyU2/zVFYiINB29i0Z/IRNNuJQN1g==",
      "peerDependencies": {
        "jquery": "^1.7 || ^2.0 || ^3.1"
      }
    },
    "node_modules/jquery-validation-unobtrusive": {
      "version": "3.2.12",
      "resolved": "https://registry.npmjs.org/jquery-validation-unobtrusive/-/jquery-validation-unobtrusive-3.2.12.tgz",
      "integrity": "sha512-kPixGhVcuat7vZXngGFfSIksy4VlzZcHyRgnBIZdsfVneCU+D5sITC8T8dD/9c9K/Q+qkMlgp7ufJHz93nKSuQ==",
      "dependencies": {
        "jquery": "^3.5.1",
        "jquery-validation": ">=1.16"
      }
    },
    "node_modules/just-compare": {
      "version": "1.5.1",
      "resolved": "https://registry.npmjs.org/just-compare/-/just-compare-1.5.1.tgz",
      "integrity": "sha512-xDEEFHNIyJNmN4uo/2RVeUcay9THtN/5ka/iw98Y/gsa8w9KXZQuyaf5eFUY6VlntA2+G+bdPmdhqqTs7T+BRw=="
    }
  },
  "dependencies": {
    "@abp/core": {
      "version": "6.0.3",
      "resolved": "https://registry.npmjs.org/@abp/core/-/core-6.0.3.tgz",
      "integrity": "sha512-POOk//0Qjd6cl/TFA4xOYBqHm2r/dwr1V8IgQtQ66p1vAP73ZaaiViikwh0wyElsSRF+5vhtlM3Ln9UUEQ/eYA==",
      "requires": {
        "@abp/utils": "~6.0.3"
      }
    },
    "@abp/jquery": {
      "version": "6.0.3",
      "resolved": "https://registry.npmjs.org/@abp/jquery/-/jquery-6.0.3.tgz",
      "integrity": "sha512-mBcyKynUtRMzUZxal6SvNEXjbk9U2tLqdiVAZYpzwEm6nuvXBq8gCRP3OPPc8LdRacyq2QC4ohdLlIbkfuMXLQ==",
      "requires": {
        "@abp/core": "~6.0.3",
        "jquery": "~3.6.0"
      },
      "dependencies": {
        "jquery": {
          "version": "3.6.4",
          "resolved": "https://registry.npmjs.org/jquery/-/jquery-3.6.4.tgz",
          "integrity": "sha512-v28EW9DWDFpzcD9O5iyJXg3R3+q+mET5JhnjJzQUZMHOv67bpSIHq81GEYpPNZHG+XXHsfSme3nxp/hndKEcsQ=="
        }
      }
    },
    "@abp/jquery-validation": {
      "version": "6.0.3",
      "resolved": "https://registry.npmjs.org/@abp/jquery-validation/-/jquery-validation-6.0.3.tgz",
      "integrity": "sha512-W1iyGKbyrpQ4NHzDS0vdgqJ6HAvrObg+01sajTXts1yOTgQqYNTk3KrWPVRvuRcV2wyxgUXiA43ogkpaDNoI0g==",
      "requires": {
        "@abp/jquery": "~6.0.3",
        "jquery-validation": "^1.19.3"
      }
    },
    "@abp/utils": {
      "version": "6.0.3",
      "resolved": "https://registry.npmjs.org/@abp/utils/-/utils-6.0.3.tgz",
      "integrity": "sha512-2Xhg5Lt41iiXX7PE0i9HvHXQ0dqnVew5aabbtNK31Gz5ZC/wCQoUPltoWou2NCf3j4uWq8LSpPe3KN/CaBaKAQ==",
      "requires": {
        "just-compare": "^1.3.0"
      }
    },
    "jquery": {
      "version": "3.7.1",
      "resolved": "https://registry.npmjs.org/jquery/-/jquery-3.7.1.tgz",
      "integrity": "sha512-m4avr8yL8kmFN8psrbFFFmB/If14iN5o9nw/NgnnM+kybDJpRsAynV2BsfpTYrTRysYUdADVD7CkUUizgkpLfg=="
    },
    "jquery-validation": {
      "version": "1.20.0",
      "resolved": "https://registry.npmjs.org/jquery-validation/-/jquery-validation-1.20.0.tgz",
      "integrity": "sha512-c8tg4ltIIP6L7l0bZ79sRzOJYquyjS48kQZ6iv8MJ2r0OYztxtkWYKTReZyU2/zVFYiINB29i0Z/IRNNuJQN1g==",
      "requires": {}
    },
    "jquery-validation-unobtrusive": {
      "version": "3.2.12",
      "resolved": "https://registry.npmjs.org/jquery-validation-unobtrusive/-/jquery-validation-unobtrusive-3.2.12.tgz",
      "integrity": "sha512-kPixGhVcuat7vZXngGFfSIksy4VlzZcHyRgnBIZdsfVneCU+D5sITC8T8dD/9c9K/Q+qkMlgp7ufJHz93nKSuQ==",
      "requires": {
        "jquery": "^3.5.1",
        "jquery-validation": ">=1.16"
      }
    },
    "just-compare": {
      "version": "1.5.1",
      "resolved": "https://registry.npmjs.org/just-compare/-/just-compare-1.5.1.tgz",
      "integrity": "sha512-xDEEFHNIyJNmN4uo/2RVeUcay9THtN/5ka/iw98Y/gsa8w9KXZQuyaf5eFUY6VlntA2+G+bdPmdhqqTs7T+BRw=="
    }
  }
}
